
Microsoft Visual Studio Solution File, Format Version 12.00
# Visual Studio Version 17
VisualStudioVersion = 17.13.35931.197 d17.13
MinimumVisualStudioVersion = 10.0.40219.1
Project("{FAE04EC0-301F-11D3-BF4B-00C04F79EFBC}") = "Commandos", "Commandos\Commandos.csproj", "{B2F4B417-6CC2-4CCC-8C00-060D9B7059FD}"
EndProject
Global
	GlobalSection(SolutionConfigurationPlatforms) = preSolution
		Debug|Any CPU = Debug|Any CPU
		Release|Any CPU = Release|Any CPU
	EndGlobalSection
	GlobalSection(ProjectConfigurationPlatforms) = postSolution
		{B2F4B417-6CC2-4CCC-8C00-060D9B7059FD}.Debug|Any CPU.ActiveCfg = Debug|Any CPU
		{B2F4B417-6CC2-4CCC-8C00-060D9B7059FD}.Debug|Any CPU.Build.0 = Debug|Any CPU
		{B2F4B417-6CC2-4CCC-8C00-060D9B7059FD}.Release|Any CPU.ActiveCfg = Release|Any CPU
		{B2F4B417-6CC2-4CCC-8C00-060D9B7059FD}.Release|Any CPU.Build.0 = Release|Any CPU
	EndGlobalSection
	GlobalSection(SolutionProperties) = preSolution
		HideSolutionNode = FALSE
	EndGlobalSection
	GlobalSection(ExtensibilityGlobals) = postSolution
		SolutionGuid = {7908251E-6AB3-40E1-9919-22BAA4672302}
	EndGlobalSection
EndGlobal
